
Microsoft Visual Studio Solution File, Format Version 12.00
# Visual Studio Version 16
VisualStudioVersion = 16.0.29503.13
MinimumVisualStudioVersion = 10.0.40219.1
Project("{FAE04EC0-301F-11D3-BF4B-00C04F79EFBC}") = "EmployeeManagement_3", "EmployeeManagement_3\EmployeeManagement_3.csproj", "{7B0BAB55-57ED-48F3-B4F3-D63C46D3A06E}"
EndProject
Global
	GlobalSection(SolutionConfigurationPlatforms) = preSolution
		Debug|Any CPU = Debug|Any CPU
		Release|Any CPU = Release|Any CPU
	EndGlobalSection
	GlobalSection(ProjectConfigurationPlatforms) = postSolution
		{7B0BAB55-57ED-48F3-B4F3-D63C46D3A06E}.Debug|Any CPU.ActiveCfg = Debug|Any CPU
		{7B0BAB55-57ED-48F3-B4F3-D63C46D3A06E}.Debug|Any CPU.Build.0 = Debug|Any CPU
		{7B0BAB55-57ED-48F3-B4F3-D63C46D3A06E}.Release|Any CPU.ActiveCfg = Release|Any CPU
		{7B0BAB55-57ED-48F3-B4F3-D63C46D3A06E}.Release|Any CPU.Build.0 = Release|Any CPU
	EndGlobalSection
	GlobalSection(SolutionProperties) = preSolution
		HideSolutionNode = FALSE
	EndGlobalSection
	GlobalSection(ExtensibilityGlobals) = postSolution
		SolutionGuid = {C7952F24-8BD2-4770-9292-2F0CFE218560}
	EndGlobalSection
EndGlobal
